// !$*UTF8*$!
{
	archiveVersion = 1;
	classes = {
	};
	objectVersion = 55;
	objects = {

/* Begin PBXBuildFile section */
		431502EF28AF3A8D00FE1931 /* EmptyStateView.swift in Sources */ = {isa = PBXBuildFile; fileRef = 431502EE28AF3A8D00FE1931 /* EmptyStateView.swift */; };
		431502F528AF5AF400FE1931 /* ProductCard.swift in Sources */ = {isa = PBXBuildFile; fileRef = 431502F428AF5AF400FE1931 /* ProductCard.swift */; };
		431502F728AF7D2400FE1931 /* ProgressView.swift in Sources */ = {isa = PBXBuildFile; fileRef = 431502F628AF7D2400FE1931 /* ProgressView.swift */; };
		431502FB28AFD08300FE1931 /* Dashboard2.swift in Sources */ = {isa = PBXBuildFile; fileRef = 431502FA28AFD08300FE1931 /* Dashboard2.swift */; };
		43764F6228B07AC700517399 /* TabBarView.swift in Sources */ = {isa = PBXBuildFile; fileRef = 43764F6128B07AC700517399 /* TabBarView.swift */; };
		43764F6428B07B4D00517399 /* MySkinView.swift in Sources */ = {isa = PBXBuildFile; fileRef = 43764F6328B07B4D00517399 /* MySkinView.swift */; };
		566235EE28AA9B7900EB6B3A /* Constant.swift in Sources */ = {isa = PBXBuildFile; fileRef = 566235ED28AA9B7900EB6B3A /* Constant.swift */; };
		566235F028AA9BD900EB6B3A /* Theme.swift in Sources */ = {isa = PBXBuildFile; fileRef = 566235EF28AA9BD900EB6B3A /* Theme.swift */; };
		566235F228AB576A00EB6B3A /* RoutineListView.swift in Sources */ = {isa = PBXBuildFile; fileRef = 566235F128AB576A00EB6B3A /* RoutineListView.swift */; };
		566235F428AB57A300EB6B3A /* AddRoutineView.swift in Sources */ = {isa = PBXBuildFile; fileRef = 566235F328AB57A300EB6B3A /* AddRoutineView.swift */; };
		566235F928AB717000EB6B3A /* PrimaryButton.swift in Sources */ = {isa = PBXBuildFile; fileRef = 566235F828AB717000EB6B3A /* PrimaryButton.swift */; };
		566235FC28AB755C00EB6B3A /* UIScreen+Extension.swift in Sources */ = {isa = PBXBuildFile; fileRef = 566235FB28AB755C00EB6B3A /* UIScreen+Extension.swift */; };
		5684C7C528AA5C2A00A39497 /* mc3_menGlowApp.swift in Sources */ = {isa = PBXBuildFile; fileRef = 5684C7C428AA5C2A00A39497 /* mc3_menGlowApp.swift */; };
		5684C7C728AA5C2A00A39497 /* ContentView.swift in Sources */ = {isa = PBXBuildFile; fileRef = 5684C7C628AA5C2A00A39497 /* ContentView.swift */; };
		5684C7C928AA5C2B00A39497 /* Assets.xcassets in Resources */ = {isa = PBXBuildFile; fileRef = 5684C7C828AA5C2B00A39497 /* Assets.xcassets */; };
		5684C7CC28AA5C2B00A39497 /* Preview Assets.xcassets in Resources */ = {isa = PBXBuildFile; fileRef = 5684C7CB28AA5C2B00A39497 /* Preview Assets.xcassets */; };
		5684C7CE28AA5C2B00A39497 /* Persistence.swift in Sources */ = {isa = PBXBuildFile; fileRef = 5684C7CD28AA5C2B00A39497 /* Persistence.swift */; };
		5684C7D128AA5C2B00A39497 /* mc3_menGlow.xcdatamodeld in Sources */ = {isa = PBXBuildFile; fileRef = 5684C7CF28AA5C2B00A39497 /* mc3_menGlow.xcdatamodeld */; };
		5688538928ADE3A5008080B5 /* RoutineVewModel.swift in Sources */ = {isa = PBXBuildFile; fileRef = 5688538828ADE3A5008080B5 /* RoutineVewModel.swift */; };
		5688538B28ADEA8D008080B5 /* Routine.swift in Sources */ = {isa = PBXBuildFile; fileRef = 5688538A28ADEA8D008080B5 /* Routine.swift */; };
		5688538D28ADEB3B008080B5 /* Product.swift in Sources */ = {isa = PBXBuildFile; fileRef = 5688538C28ADEB3B008080B5 /* Product.swift */; };
		5688539428AE3385008080B5 /* ProductListView.swift in Sources */ = {isa = PBXBuildFile; fileRef = 5688539328AE3385008080B5 /* ProductListView.swift */; };
		56A5EB9D28AE87B500E44759 /* CustomRoutineView.swift in Sources */ = {isa = PBXBuildFile; fileRef = 56A5EB9C28AE87B500E44759 /* CustomRoutineView.swift */; };
/* End PBXBuildFile section */

/* Begin PBXFileReference section */
		431502EE28AF3A8D00FE1931 /* EmptyStateView.swift */ = {isa = PBXFileReference; lastKnownFileType = sourcecode.swift; path = EmptyStateView.swift; sourceTree = "<group>"; };
		431502F428AF5AF400FE1931 /* ProductCard.swift */ = {isa = PBXFileReference; lastKnownFileType = sourcecode.swift; path = ProductCard.swift; sourceTree = "<group>"; };
		431502F628AF7D2400FE1931 /* ProgressView.swift */ = {isa = PBXFileReference; lastKnownFileType = sourcecode.swift; path = ProgressView.swift; sourceTree = "<group>"; };
		431502FA28AFD08300FE1931 /* Dashboard2.swift */ = {isa = PBXFileReference; lastKnownFileType = sourcecode.swift; path = Dashboard2.swift; sourceTree = "<group>"; };
		43764F6128B07AC700517399 /* TabBarView.swift */ = {isa = PBXFileReference; lastKnownFileType = sourcecode.swift; path = TabBarView.swift; sourceTree = "<group>"; };
		43764F6328B07B4D00517399 /* MySkinView.swift */ = {isa = PBXFileReference; lastKnownFileType = sourcecode.swift; path = MySkinView.swift; sourceTree = "<group>"; };
		566235ED28AA9B7900EB6B3A /* Constant.swift */ = {isa = PBXFileReference; lastKnownFileType = sourcecode.swift; path = Constant.swift; sourceTree = "<group>"; };
		566235EF28AA9BD900EB6B3A /* Theme.swift */ = {isa = PBXFileReference; lastKnownFileType = sourcecode.swift; path = Theme.swift; sourceTree = "<group>"; };
		566235F128AB576A00EB6B3A /* RoutineListView.swift */ = {isa = PBXFileReference; lastKnownFileType = sourcecode.swift; path = RoutineListView.swift; sourceTree = "<group>"; };
		566235F328AB57A300EB6B3A /* AddRoutineView.swift */ = {isa = PBXFileReference; lastKnownFileType = sourcecode.swift; path = AddRoutineView.swift; sourceTree = "<group>"; };
		566235F828AB717000EB6B3A /* PrimaryButton.swift */ = {isa = PBXFileReference; lastKnownFileType = sourcecode.swift; path = PrimaryButton.swift; sourceTree = "<group>"; };
		566235FB28AB755C00EB6B3A /* UIScreen+Extension.swift */ = {isa = PBXFileReference; lastKnownFileType = sourcecode.swift; path = "UIScreen+Extension.swift"; sourceTree = "<group>"; };
		5684C7C128AA5C2A00A39497 /* mc3_menGlow.app */ = {isa = PBXFileReference; explicitFileType = wrapper.application; includeInIndex = 0; path = mc3_menGlow.app; sourceTree = BUILT_PRODUCTS_DIR; };
		5684C7C428AA5C2A00A39497 /* mc3_menGlowApp.swift */ = {isa = PBXFileReference; lastKnownFileType = sourcecode.swift; path = mc3_menGlowApp.swift; sourceTree = "<group>"; };
		5684C7C628AA5C2A00A39497 /* ContentView.swift */ = {isa = PBXFileReference; lastKnownFileType = sourcecode.swift; path = ContentView.swift; sourceTree = "<group>"; };
		5684C7C828AA5C2B00A39497 /* Assets.xcassets */ = {isa = PBXFileReference; lastKnownFileType = folder.assetcatalog; path = Assets.xcassets; sourceTree = "<group>"; };
		5684C7CB28AA5C2B00A39497 /* Preview Assets.xcassets */ = {isa = PBXFileReference; lastKnownFileType = folder.assetcatalog; path = "Preview Assets.xcassets"; sourceTree = "<group>"; };
		5684C7CD28AA5C2B00A39497 /* Persistence.swift */ = {isa = PBXFileReference; lastKnownFileType = sourcecode.swift; path = Persistence.swift; sourceTree = "<group>"; };
		5684C7D028AA5C2B00A39497 /* mc3_menGlow.xcdatamodel */ = {isa = PBXFileReference; lastKnownFileType = wrapper.xcdatamodel; path = mc3_menGlow.xcdatamodel; sourceTree = "<group>"; };
		5688538828ADE3A5008080B5 /* RoutineVewModel.swift */ = {isa = PBXFileReference; lastKnownFileType = sourcecode.swift; path = RoutineVewModel.swift; sourceTree = "<group>"; };
		5688538A28ADEA8D008080B5 /* Routine.swift */ = {isa = PBXFileReference; lastKnownFileType = sourcecode.swift; path = Routine.swift; sourceTree = "<group>"; };
		5688538C28ADEB3B008080B5 /* Product.swift */ = {isa = PBXFileReference; lastKnownFileType = sourcecode.swift; path = Product.swift; sourceTree = "<group>"; };
		5688539328AE3385008080B5 /* ProductListView.swift */ = {isa = PBXFileReference; lastKnownFileType = sourcecode.swift; path = ProductListView.swift; sourceTree = "<group>"; };
		56A5EB9C28AE87B500E44759 /* CustomRoutineView.swift */ = {isa = PBXFileReference; lastKnownFileType = sourcecode.swift; path = CustomRoutineView.swift; sourceTree = "<group>"; };
/* End PBXFileReference section */

/* Begin PBXFrameworksBuildPhase section */
		5684C7BE28AA5C2A00A39497 /* Frameworks */ = {
			isa = PBXFrameworksBuildPhase;
			buildActionMask = 2147483647;
			files = (
			);
			runOnlyForDeploymentPostprocessing = 0;
		};
/* End PBXFrameworksBuildPhase section */

/* Begin PBXGroup section */
		566235F528AB57AF00EB6B3A /* Routine */ = {
			isa = PBXGroup;
			children = (
				566235F328AB57A300EB6B3A /* AddRoutineView.swift */,
				566235F128AB576A00EB6B3A /* RoutineListView.swift */,
				5688539328AE3385008080B5 /* ProductListView.swift */,
				56A5EB9C28AE87B500E44759 /* CustomRoutineView.swift */,
			);
			path = Routine;
			sourceTree = "<group>";
		};
		566235FA28AB754200EB6B3A /* Extension */ = {
			isa = PBXGroup;
			children = (
				566235FB28AB755C00EB6B3A /* UIScreen+Extension.swift */,
			);
			path = Extension;
			sourceTree = "<group>";
		};
		5684C7B828AA5C2900A39497 = {
			isa = PBXGroup;
			children = (
				5684C7C328AA5C2A00A39497 /* mc3_menGlow */,
				5684C7C228AA5C2A00A39497 /* Products */,
			);
			sourceTree = "<group>";
		};
		5684C7C228AA5C2A00A39497 /* Products */ = {
			isa = PBXGroup;
			children = (
				5684C7C128AA5C2A00A39497 /* mc3_menGlow.app */,
			);
			name = Products;
			sourceTree = "<group>";
		};
		5684C7C328AA5C2A00A39497 /* mc3_menGlow */ = {
			isa = PBXGroup;
			children = (
				566235FA28AB754200EB6B3A /* Extension */,
				5684C7DB28AA5CDB00A39497 /* Config */,
				5684C7DA28AA5CC700A39497 /* Core */,
				5684C7D928AA5C6800A39497 /* viewModels */,
				5684C7D828AA5C6100A39497 /* models */,
				5684C7D728AA5C5600A39497 /* views */,
				5684C7C428AA5C2A00A39497 /* mc3_menGlowApp.swift */,
				5684C7C628AA5C2A00A39497 /* ContentView.swift */,
				5684C7C828AA5C2B00A39497 /* Assets.xcassets */,
				5684C7CD28AA5C2B00A39497 /* Persistence.swift */,
				5684C7CF28AA5C2B00A39497 /* mc3_menGlow.xcdatamodeld */,
				5684C7CA28AA5C2B00A39497 /* Preview Content */,
			);
			path = mc3_menGlow;
			sourceTree = "<group>";
		};
		5684C7CA28AA5C2B00A39497 /* Preview Content */ = {
			isa = PBXGroup;
			children = (
				5684C7CB28AA5C2B00A39497 /* Preview Assets.xcassets */,
			);
			path = "Preview Content";
			sourceTree = "<group>";
		};
		5684C7D728AA5C5600A39497 /* views */ = {
			isa = PBXGroup;
			children = (
				5684C7DE28AA5D0400A39497 /* screens */,
				5684C7DD28AA5CFC00A39497 /* onboarding */,
				5684C7DC28AA5CF300A39497 /* components */,
			);
			path = views;
			sourceTree = "<group>";
		};
		5684C7D828AA5C6100A39497 /* models */ = {
			isa = PBXGroup;
			children = (
				5688538A28ADEA8D008080B5 /* Routine.swift */,
				5688538C28ADEB3B008080B5 /* Product.swift */,
			);
			path = models;
			sourceTree = "<group>";
		};
		5684C7D928AA5C6800A39497 /* viewModels */ = {
			isa = PBXGroup;
			children = (
				5688538828ADE3A5008080B5 /* RoutineVewModel.swift */,
			);
			path = viewModels;
			sourceTree = "<group>";
		};
		5684C7DA28AA5CC700A39497 /* Core */ = {
			isa = PBXGroup;
			children = (
			);
			path = Core;
			sourceTree = "<group>";
		};
		5684C7DB28AA5CDB00A39497 /* Config */ = {
			isa = PBXGroup;
			children = (
				566235ED28AA9B7900EB6B3A /* Constant.swift */,
				566235EF28AA9BD900EB6B3A /* Theme.swift */,
			);
			path = Config;
			sourceTree = "<group>";
		};
		5684C7DC28AA5CF300A39497 /* components */ = {
			isa = PBXGroup;
			children = (
				566235F828AB717000EB6B3A /* PrimaryButton.swift */,
				431502F428AF5AF400FE1931 /* ProductCard.swift */,
			);
			path = components;
			sourceTree = "<group>";
		};
		5684C7DD28AA5CFC00A39497 /* onboarding */ = {
			isa = PBXGroup;
			children = (
			);
			path = onboarding;
			sourceTree = "<group>";
		};
		5684C7DE28AA5D0400A39497 /* screens */ = {
			isa = PBXGroup;
			children = (
				43764F6128B07AC700517399 /* TabBarView.swift */,
				431502FA28AFD08300FE1931 /* Dashboard2.swift */,
				431502EE28AF3A8D00FE1931 /* EmptyStateView.swift */,
				431502F628AF7D2400FE1931 /* ProgressView.swift */,
				43764F6328B07B4D00517399 /* MySkinView.swift */,
				566235F528AB57AF00EB6B3A /* Routine */,
			);
			path = screens;
			sourceTree = "<group>";
		};
/* End PBXGroup section */

/* Begin PBXNativeTarget section */
		5684C7C028AA5C2A00A39497 /* mc3_menGlow */ = {
			isa = PBXNativeTarget;
			buildConfigurationList = 5684C7D428AA5C2B00A39497 /* Build configuration list for PBXNativeTarget "mc3_menGlow" */;
			buildPhases = (
				5684C7BD28AA5C2A00A39497 /* Sources */,
				5684C7BE28AA5C2A00A39497 /* Frameworks */,
				5684C7BF28AA5C2A00A39497 /* Resources */,
			);
			buildRules = (
			);
			dependencies = (
			);
			name = mc3_menGlow;
			productName = mc3_menGlow;
			productReference = 5684C7C128AA5C2A00A39497 /* mc3_menGlow.app */;
			productType = "com.apple.product-type.application";
		};
/* End PBXNativeTarget section */

/* Begin PBXProject section */
		5684C7B928AA5C2900A39497 /* Project object */ = {
			isa = PBXProject;
			attributes = {
				BuildIndependentTargetsInParallel = 1;
				LastSwiftUpdateCheck = 1340;
				LastUpgradeCheck = 1340;
				TargetAttributes = {
					5684C7C028AA5C2A00A39497 = {
						CreatedOnToolsVersion = 13.4.1;
					};
				};
			};
			buildConfigurationList = 5684C7BC28AA5C2900A39497 /* Build configuration list for PBXProject "mc3_menGlow" */;
			compatibilityVersion = "Xcode 13.0";
			developmentRegion = en;
			hasScannedForEncodings = 0;
			knownRegions = (
				en,
				Base,
			);
			mainGroup = 5684C7B828AA5C2900A39497;
			productRefGroup = 5684C7C228AA5C2A00A39497 /* Products */;
			projectDirPath = "";
			projectRoot = "";
			targets = (
				5684C7C028AA5C2A00A39497 /* mc3_menGlow */,
			);
		};
/* End PBXProject section */

/* Begin PBXResourcesBuildPhase section */
		5684C7BF28AA5C2A00A39497 /* Resources */ = {
			isa = PBXResourcesBuildPhase;
			buildActionMask = 2147483647;
			files = (
				5684C7CC28AA5C2B00A39497 /* Preview Assets.xcassets in Resources */,
				5684C7C928AA5C2B00A39497 /* Assets.xcassets in Resources */,
			);
			runOnlyForDeploymentPostprocessing = 0;
		};
/* End PBXResourcesBuildPhase section */

/* Begin PBXSourcesBuildPhase section */
		5684C7BD28AA5C2A00A39497 /* Sources */ = {
			isa = PBXSourcesBuildPhase;
			buildActionMask = 2147483647;
			files = (
				5684C7CE28AA5C2B00A39497 /* Persistence.swift in Sources */,
				5688538B28ADEA8D008080B5 /* Routine.swift in Sources */,
				43764F6428B07B4D00517399 /* MySkinView.swift in Sources */,
				5688539428AE3385008080B5 /* ProductListView.swift in Sources */,
				566235F428AB57A300EB6B3A /* AddRoutineView.swift in Sources */,
				566235F928AB717000EB6B3A /* PrimaryButton.swift in Sources */,
				431502F528AF5AF400FE1931 /* ProductCard.swift in Sources */,
				56A5EB9D28AE87B500E44759 /* CustomRoutineView.swift in Sources */,
				566235FC28AB755C00EB6B3A /* UIScreen+Extension.swift in Sources */,
				5684C7C728AA5C2A00A39497 /* ContentView.swift in Sources */,
				5688538928ADE3A5008080B5 /* RoutineVewModel.swift in Sources */,
				5684C7C528AA5C2A00A39497 /* mc3_menGlowApp.swift in Sources */,
				431502EF28AF3A8D00FE1931 /* EmptyStateView.swift in Sources */,
				566235F028AA9BD900EB6B3A /* Theme.swift in Sources */,
				431502FB28AFD08300FE1931 /* Dashboard2.swift in Sources */,
				5684C7D128AA5C2B00A39497 /* mc3_menGlow.xcdatamodeld in Sources */,
				566235F228AB576A00EB6B3A /* RoutineListView.swift in Sources */,
				566235EE28AA9B7900EB6B3A /* Constant.swift in Sources */,
				431502F728AF7D2400FE1931 /* ProgressView.swift in Sources */,
				43764F6228B07AC700517399 /* TabBarView.swift in Sources */,
				5688538D28ADEB3B008080B5 /* Product.swift in Sources */,
			);
			runOnlyForDeploymentPostprocessing = 0;
		};
/* End PBXSourcesBuildPhase section */

/* Begin XCBuildConfiguration section */
		5684C7D228AA5C2B00A39497 /* Debug */ = {
			isa = XCBuildConfiguration;
			buildSettings = {
				ALWAYS_SEARCH_USER_PATHS = NO;
				CLANG_ANALYZER_NONNULL = YES;
				CLANG_ANALYZER_NUMBER_OBJECT_CONVERSION = YES_AGGRESSIVE;
				CLANG_CXX_LANGUAGE_STANDARD = "gnu++17";
				CLANG_ENABLE_MODULES = YES;
				CLANG_ENABLE_OBJC_ARC = YES;
				CLANG_ENABLE_OBJC_WEAK = YES;
				CLANG_WARN_BLOCK_CAPTURE_AUTORELEASING = YES;
				CLANG_WARN_BOOL_CONVERSION = YES;
				CLANG_WARN_COMMA = YES;
				CLANG_WARN_CONSTANT_CONVERSION = YES;
				CLANG_WARN_DEPRECATED_OBJC_IMPLEMENTATIONS = YES;
				CLANG_WARN_DIRECT_OBJC_ISA_USAGE = YES_ERROR;
				CLANG_WARN_DOCUMENTATION_COMMENTS = YES;
				CLANG_WARN_EMPTY_BODY = YES;
				CLANG_WARN_ENUM_CONVERSION = YES;
				CLANG_WARN_INFINITE_RECURSION = YES;
				CLANG_WARN_INT_CONVERSION = YES;
				CLANG_WARN_NON_LITERAL_NULL_CONVERSION = YES;
				CLANG_WARN_OBJC_IMPLICIT_RETAIN_SELF = YES;
				CLANG_WARN_OBJC_LITERAL_CONVERSION = YES;
				CLANG_WARN_OBJC_ROOT_CLASS = YES_ERROR;
				CLANG_WARN_QUOTED_INCLUDE_IN_FRAMEWORK_HEADER = YES;
				CLANG_WARN_RANGE_LOOP_ANALYSIS = YES;
				CLANG_WARN_STRICT_PROTOTYPES = YES;
				CLANG_WARN_SUSPICIOUS_MOVE = YES;
				CLANG_WARN_UNGUARDED_AVAILABILITY = YES_AGGRESSIVE;
				CLANG_WARN_UNREACHABLE_CODE = YES;
				CLANG_WARN__DUPLICATE_METHOD_MATCH = YES;
				COPY_PHASE_STRIP = NO;
				DEBUG_INFORMATION_FORMAT = dwarf;
				ENABLE_STRICT_OBJC_MSGSEND = YES;
				ENABLE_TESTABILITY = YES;
				GCC_C_LANGUAGE_STANDARD = gnu11;
				GCC_DYNAMIC_NO_PIC = NO;
				GCC_NO_COMMON_BLOCKS = YES;
				GCC_OPTIMIZATION_LEVEL = 0;
				GCC_PREPROCESSOR_DEFINITIONS = (
					"DEBUG=1",
					"$(inherited)",
				);
				GCC_WARN_64_TO_32_BIT_CONVERSION = YES;
				GCC_WARN_ABOUT_RETURN_TYPE = YES_ERROR;
				GCC_WARN_UNDECLARED_SELECTOR = YES;
				GCC_WARN_UNINITIALIZED_AUTOS = YES_AGGRESSIVE;
				GCC_WARN_UNUSED_FUNCTION = YES;
				GCC_WARN_UNUSED_VARIABLE = YES;
				IPHONEOS_DEPLOYMENT_TARGET = 15.5;
				MTL_ENABLE_DEBUG_INFO = INCLUDE_SOURCE;
				MTL_FAST_MATH = YES;
				ONLY_ACTIVE_ARCH = YES;
				SDKROOT = iphoneos;
				SWIFT_ACTIVE_COMPILATION_CONDITIONS = DEBUG;
				SWIFT_OPTIMIZATION_LEVEL = "-Onone";
			};
			name = Debug;
		};
		5684C7D328AA5C2B00A39497 /* Release */ = {
			isa = XCBuildConfiguration;
			buildSettings = {
				ALWAYS_SEARCH_USER_PATHS = NO;
				CLANG_ANALYZER_NONNULL = YES;
				CLANG_ANALYZER_NUMBER_OBJECT_CONVERSION = YES_AGGRESSIVE;
				CLANG_CXX_LANGUAGE_STANDARD = "gnu++17";
				CLANG_ENABLE_MODULES = YES;
				CLANG_ENABLE_OBJC_ARC = YES;
				CLANG_ENABLE_OBJC_WEAK = YES;
				CLANG_WARN_BLOCK_CAPTURE_AUTORELEASING = YES;
				CLANG_WARN_BOOL_CONVERSION = YES;
				CLANG_WARN_COMMA = YES;
				CLANG_WARN_CONSTANT_CONVERSION = YES;
				CLANG_WARN_DEPRECATED_OBJC_IMPLEMENTATIONS = YES;
				CLANG_WARN_DIRECT_OBJC_ISA_USAGE = YES_ERROR;
				CLANG_WARN_DOCUMENTATION_COMMENTS = YES;
				CLANG_WARN_EMPTY_BODY = YES;
				CLANG_WARN_ENUM_CONVERSION = YES;
				CLANG_WARN_INFINITE_RECURSION = YES;
				CLANG_WARN_INT_CONVERSION = YES;
				CLANG_WARN_NON_LITERAL_NULL_CONVERSION = YES;
				CLANG_WARN_OBJC_IMPLICIT_RETAIN_SELF = YES;
				CLANG_WARN_OBJC_LITERAL_CONVERSION = YES;
				CLANG_WARN_OBJC_ROOT_CLASS = YES_ERROR;
				CLANG_WARN_QUOTED_INCLUDE_IN_FRAMEWORK_HEADER = YES;
				CLANG_WARN_RANGE_LOOP_ANALYSIS = YES;
				CLANG_WARN_STRICT_PROTOTYPES = YES;
				CLANG_WARN_SUSPICIOUS_MOVE = YES;
				CLANG_WARN_UNGUARDED_AVAILABILITY = YES_AGGRESSIVE;
				CLANG_WARN_UNREACHABLE_CODE = YES;
				CLANG_WARN__DUPLICATE_METHOD_MATCH = YES;
				COPY_PHASE_STRIP = NO;
				DEBUG_INFORMATION_FORMAT = "dwarf-with-dsym";
				ENABLE_NS_ASSERTIONS = NO;
				ENABLE_STRICT_OBJC_MSGSEND = YES;
				GCC_C_LANGUAGE_STANDARD = gnu11;
				GCC_NO_COMMON_BLOCKS = YES;
				GCC_WARN_64_TO_32_BIT_CONVERSION = YES;
				GCC_WARN_ABOUT_RETURN_TYPE = YES_ERROR;
				GCC_WARN_UNDECLARED_SELECTOR = YES;
				GCC_WARN_UNINITIALIZED_AUTOS = YES_AGGRESSIVE;
				GCC_WARN_UNUSED_FUNCTION = YES;
				GCC_WARN_UNUSED_VARIABLE = YES;
				IPHONEOS_DEPLOYMENT_TARGET = 15.5;
				MTL_ENABLE_DEBUG_INFO = NO;
				MTL_FAST_MATH = YES;
				SDKROOT = iphoneos;
				SWIFT_COMPILATION_MODE = wholemodule;
				SWIFT_OPTIMIZATION_LEVEL = "-O";
				VALIDATE_PRODUCT = YES;
			};
			name = Release;
		};
		5684C7D528AA5C2B00A39497 /* Debug */ = {
			isa = XCBuildConfiguration;
			buildSettings = {
				ASSETCATALOG_COMPILER_APPICON_NAME = AppIcon;
				ASSETCATALOG_COMPILER_GLOBAL_ACCENT_COLOR_NAME = AccentColor;
				CODE_SIGN_STYLE = Automatic;
				CURRENT_PROJECT_VERSION = 1;
				DEVELOPMENT_ASSET_PATHS = "\"mc3_menGlow/Preview Content\"";
				DEVELOPMENT_TEAM = C8B3R9N352;
				ENABLE_PREVIEWS = YES;
				GENERATE_INFOPLIST_FILE = YES;
				INFOPLIST_KEY_UIApplicationSceneManifest_Generation = YES;
				INFOPLIST_KEY_UIApplicationSupportsIndirectInputEvents = YES;
				INFOPLIST_KEY_UILaunchScreen_Generation = YES;
				INFOPLIST_KEY_UISupportedInterfaceOrientations_iPad = "UIInterfaceOrientationPortrait UIInterfaceOrientationPortraitUpsideDown UIInterfaceOrientationLandscapeLeft UIInterfaceOrientationLandscapeRight";
				INFOPLIST_KEY_UISupportedInterfaceOrientations_iPhone = "UIInterfaceOrientationPortrait UIInterfaceOrientationLandscapeLeft UIInterfaceOrientationLandscapeRight";
				LD_RUNPATH_SEARCH_PATHS = (
					"$(inherited)",
					"@executable_path/Frameworks",
				);
				MARKETING_VERSION = 1.0;
				PRODUCT_BUNDLE_IDENTIFIER = "com.rsilitonga.mc3-menGlow";
				PRODUCT_NAME = "$(TARGET_NAME)";
				SWIFT_EMIT_LOC_STRINGS = YES;
				SWIFT_VERSION = 5.0;
				TARGETED_DEVICE_FAMILY = "1,2";
			};
			name = Debug;
		};
		5684C7D628AA5C2B00A39497 /* Release */ = {
			isa = XCBuildConfiguration;
			buildSettings = {
				ASSETCATALOG_COMPILER_APPICON_NAME = AppIcon;
				ASSETCATALOG_COMPILER_GLOBAL_ACCENT_COLOR_NAME = AccentColor;
				CODE_SIGN_STYLE = Automatic;
				CURRENT_PROJECT_VERSION = 1;
				DEVELOPMENT_ASSET_PATHS = "\"mc3_menGlow/Preview Content\"";
				DEVELOPMENT_TEAM = C8B3R9N352;
				ENABLE_PREVIEWS = YES;
				GENERATE_INFOPLIST_FILE = YES;
				INFOPLIST_KEY_UIApplicationSceneManifest_Generation = YES;
				INFOPLIST_KEY_UIApplicationSupportsIndirectInputEvents = YES;
				INFOPLIST_KEY_UILaunchScreen_Generation = YES;
				INFOPLIST_KEY_UISupportedInterfaceOrientations_iPad = "UIInterfaceOrientationPortrait UIInterfaceOrientationPortraitUpsideDown UIInterfaceOrientationLandscapeLeft UIInterfaceOrientationLandscapeRight";
				INFOPLIST_KEY_UISupportedInterfaceOrientations_iPhone = "UIInterfaceOrientationPortrait UIInterfaceOrientationLandscapeLeft UIInterfaceOrientationLandscapeRight";
				LD_RUNPATH_SEARCH_PATHS = (
					"$(inherited)",
					"@executable_path/Frameworks",
				);
				MARKETING_VERSION = 1.0;
				PRODUCT_BUNDLE_IDENTIFIER = "com.rsilitonga.mc3-menGlow";
				PRODUCT_NAME = "$(TARGET_NAME)";
				SWIFT_EMIT_LOC_STRINGS = YES;
				SWIFT_VERSION = 5.0;
				TARGETED_DEVICE_FAMILY = "1,2";
			};
			name = Release;
		};
/* End XCBuildConfiguration section */

/* Begin XCConfigurationList section */
		5684C7BC28AA5C2900A39497 /* Build configuration list for PBXProject "mc3_menGlow" */ = {
			isa = XCConfigurationList;
			buildConfigurations = (
				5684C7D228AA5C2B00A39497 /* Debug */,
				5684C7D328AA5C2B00A39497 /* Release */,
			);
			defaultConfigurationIsVisible = 0;
			defaultConfigurationName = Release;
		};
		5684C7D428AA5C2B00A39497 /* Build configuration list for PBXNativeTarget "mc3_menGlow" */ = {
			isa = XCConfigurationList;
			buildConfigurations = (
				5684C7D528AA5C2B00A39497 /* Debug */,
				5684C7D628AA5C2B00A39497 /* Release */,
			);
			defaultConfigurationIsVisible = 0;
			defaultConfigurationName = Release;
		};
/* End XCConfigurationList section */

/* Begin XCVersionGroup section */
		5684C7CF28AA5C2B00A39497 /* mc3_menGlow.xcdatamodeld */ = {
			isa = XCVersionGroup;
			children = (
				5684C7D028AA5C2B00A39497 /* mc3_menGlow.xcdatamodel */,
			);
			currentVersion = 5684C7D028AA5C2B00A39497 /* mc3_menGlow.xcdatamodel */;
			path = mc3_menGlow.xcdatamodeld;
			sourceTree = "<group>";
			versionGroupType = wrapper.xcdatamodel;
		};
/* End XCVersionGroup section */
	};
	rootObject = 5684C7B928AA5C2900A39497 /* Project object */;
}
