// !$*UTF8*$!
{
	archiveVersion = 1;
	classes = {
	};
	objectVersion = 55;
	objects = {

/* Begin PBXBuildFile section */
		321FC7D628B4C9D900A5794D /* Intro.swift in Sources */ = {isa = PBXBuildFile; fileRef = 321FC7D528B4C9D900A5794D /* Intro.swift */; };
		321FC7DF28B5FEC000A5794D /* SkinConcernView.swift in Sources */ = {isa = PBXBuildFile; fileRef = 321FC7DE28B5FEC000A5794D /* SkinConcernView.swift */; };
		326EC82928B62C6F00E19D8D /* InsertSkinView.swift in Sources */ = {isa = PBXBuildFile; fileRef = 326EC82828B62C6F00E19D8D /* InsertSkinView.swift */; };
		3280A93B28B28055005D8640 /* (null) in Sources */ = {isa = PBXBuildFile; };
		4314533E28B297AB008F5085 /* ProgressModel.swift in Sources */ = {isa = PBXBuildFile; fileRef = 4314533D28B297AB008F5085 /* ProgressModel.swift */; };
		4314534028B297F3008F5085 /* ProgressViewModel.swift in Sources */ = {isa = PBXBuildFile; fileRef = 4314533F28B297F3008F5085 /* ProgressViewModel.swift */; };
		4314534328B298B5008F5085 /* Algorithms in Frameworks */ = {isa = PBXBuildFile; productRef = 4314534228B298B5008F5085 /* Algorithms */; };
		4314534628B298CB008F5085 /* UICircularProgressRing in Frameworks */ = {isa = PBXBuildFile; productRef = 4314534528B298CB008F5085 /* UICircularProgressRing */; };
		431502EF28AF3A8D00FE1931 /* EmptyStateView.swift in Sources */ = {isa = PBXBuildFile; fileRef = 431502EE28AF3A8D00FE1931 /* EmptyStateView.swift */; };
		431502F528AF5AF400FE1931 /* ProductCard.swift in Sources */ = {isa = PBXBuildFile; fileRef = 431502F428AF5AF400FE1931 /* ProductCard.swift */; };
		431502F728AF7D2400FE1931 /* ProgressView.swift in Sources */ = {isa = PBXBuildFile; fileRef = 431502F628AF7D2400FE1931 /* ProgressView.swift */; };
		4367D57628B6AC1900F16E19 /* Algorithms in Frameworks */ = {isa = PBXBuildFile; productRef = 4367D57528B6AC1900F16E19 /* Algorithms */; };
		4367D57928B6AC2800F16E19 /* UICircularProgressRing in Frameworks */ = {isa = PBXBuildFile; productRef = 4367D57828B6AC2800F16E19 /* UICircularProgressRing */; };
		4367D57B28B6C61500F16E19 /* GoalView.swift in Sources */ = {isa = PBXBuildFile; fileRef = 4367D57A28B6C61500F16E19 /* GoalView.swift */; };
		43764F6428B07B4D00517399 /* MySkinView.swift in Sources */ = {isa = PBXBuildFile; fileRef = 43764F6328B07B4D00517399 /* MySkinView.swift */; };
		43FC3F0D28B4BADC00501868 /* NewView.swift in Sources */ = {isa = PBXBuildFile; fileRef = 43FC3F0C28B4BADC00501868 /* NewView.swift */; };
		563DFCC128B20E9D00AD3175 /* TagView.swift in Sources */ = {isa = PBXBuildFile; fileRef = 563DFCC028B20E9D00AD3175 /* TagView.swift */; };
		564CB9CB28B3961D0027C389 /* DashboardView.swift in Sources */ = {isa = PBXBuildFile; fileRef = 564CB9CA28B3961D0027C389 /* DashboardView.swift */; };
		564CB9CD28B3EC3C0027C389 /* Date+Extension.swift in Sources */ = {isa = PBXBuildFile; fileRef = 564CB9CC28B3EC3C0027C389 /* Date+Extension.swift */; };
		566235EE28AA9B7900EB6B3A /* Constant.swift in Sources */ = {isa = PBXBuildFile; fileRef = 566235ED28AA9B7900EB6B3A /* Constant.swift */; };
		566235F028AA9BD900EB6B3A /* Theme.swift in Sources */ = {isa = PBXBuildFile; fileRef = 566235EF28AA9BD900EB6B3A /* Theme.swift */; };
		566235F228AB576A00EB6B3A /* RoutineListView.swift in Sources */ = {isa = PBXBuildFile; fileRef = 566235F128AB576A00EB6B3A /* RoutineListView.swift */; };
		566235F428AB57A300EB6B3A /* AddRoutineView.swift in Sources */ = {isa = PBXBuildFile; fileRef = 566235F328AB57A300EB6B3A /* AddRoutineView.swift */; };
		566235F928AB717000EB6B3A /* PrimaryButton.swift in Sources */ = {isa = PBXBuildFile; fileRef = 566235F828AB717000EB6B3A /* PrimaryButton.swift */; };
		566235FC28AB755C00EB6B3A /* UIScreen+Extension.swift in Sources */ = {isa = PBXBuildFile; fileRef = 566235FB28AB755C00EB6B3A /* UIScreen+Extension.swift */; };
		5684C7C528AA5C2A00A39497 /* mc3_menGlowApp.swift in Sources */ = {isa = PBXBuildFile; fileRef = 5684C7C428AA5C2A00A39497 /* mc3_menGlowApp.swift */; };
		5684C7C728AA5C2A00A39497 /* ContentView.swift in Sources */ = {isa = PBXBuildFile; fileRef = 5684C7C628AA5C2A00A39497 /* ContentView.swift */; };
		5684C7C928AA5C2B00A39497 /* Assets.xcassets in Resources */ = {isa = PBXBuildFile; fileRef = 5684C7C828AA5C2B00A39497 /* Assets.xcassets */; };
		5684C7CC28AA5C2B00A39497 /* Preview Assets.xcassets in Resources */ = {isa = PBXBuildFile; fileRef = 5684C7CB28AA5C2B00A39497 /* Preview Assets.xcassets */; };
		5684C7CE28AA5C2B00A39497 /* Persistence.swift in Sources */ = {isa = PBXBuildFile; fileRef = 5684C7CD28AA5C2B00A39497 /* Persistence.swift */; };
		5684C7D128AA5C2B00A39497 /* mc3_menGlow.xcdatamodeld in Sources */ = {isa = PBXBuildFile; fileRef = 5684C7CF28AA5C2B00A39497 /* mc3_menGlow.xcdatamodeld */; };
		5688538928ADE3A5008080B5 /* RoutineVewModel.swift in Sources */ = {isa = PBXBuildFile; fileRef = 5688538828ADE3A5008080B5 /* RoutineVewModel.swift */; };
		5688538B28ADEA8D008080B5 /* Routine.swift in Sources */ = {isa = PBXBuildFile; fileRef = 5688538A28ADEA8D008080B5 /* Routine.swift */; };
		5688538D28ADEB3B008080B5 /* Product.swift in Sources */ = {isa = PBXBuildFile; fileRef = 5688538C28ADEB3B008080B5 /* Product.swift */; };
		5688539428AE3385008080B5 /* ProductListView.swift in Sources */ = {isa = PBXBuildFile; fileRef = 5688539328AE3385008080B5 /* ProductListView.swift */; };
		56937A4E28B73B740020D366 /* NotificationConfig.swift in Sources */ = {isa = PBXBuildFile; fileRef = 56937A4D28B73B740020D366 /* NotificationConfig.swift */; };
		56A5EB9D28AE87B500E44759 /* CustomRoutineView.swift in Sources */ = {isa = PBXBuildFile; fileRef = 56A5EB9C28AE87B500E44759 /* CustomRoutineView.swift */; };
		56B4670128B27F3C00691150 /* OnboardingView.swift in Sources */ = {isa = PBXBuildFile; fileRef = 56B4670028B27F3C00691150 /* OnboardingView.swift */; };
		56B4670328B341BA00691150 /* RoutineDay.swift in Sources */ = {isa = PBXBuildFile; fileRef = 56B4670228B341BA00691150 /* RoutineDay.swift */; };
		56EDB0C028B391D200E6BBF0 /* MainView.swift in Sources */ = {isa = PBXBuildFile; fileRef = 56EDB0BF28B391D200E6BBF0 /* MainView.swift */; };
		56FE6AF328B117E500CCFDB7 /* AddProductButton.swift in Sources */ = {isa = PBXBuildFile; fileRef = 56FE6AF228B117E500CCFDB7 /* AddProductButton.swift */; };
/* End PBXBuildFile section */

/* Begin PBXFileReference section */
		321FC7D528B4C9D900A5794D /* Intro.swift */ = {isa = PBXFileReference; lastKnownFileType = sourcecode.swift; path = Intro.swift; sourceTree = "<group>"; };
		321FC7DE28B5FEC000A5794D /* SkinConcernView.swift */ = {isa = PBXFileReference; lastKnownFileType = sourcecode.swift; path = SkinConcernView.swift; sourceTree = "<group>"; };
		326EC82828B62C6F00E19D8D /* InsertSkinView.swift */ = {isa = PBXFileReference; lastKnownFileType = sourcecode.swift; path = InsertSkinView.swift; sourceTree = "<group>"; };
		4314533D28B297AB008F5085 /* ProgressModel.swift */ = {isa = PBXFileReference; lastKnownFileType = sourcecode.swift; path = ProgressModel.swift; sourceTree = "<group>"; };
		4314533F28B297F3008F5085 /* ProgressViewModel.swift */ = {isa = PBXFileReference; lastKnownFileType = sourcecode.swift; path = ProgressViewModel.swift; sourceTree = "<group>"; };
		431502EE28AF3A8D00FE1931 /* EmptyStateView.swift */ = {isa = PBXFileReference; lastKnownFileType = sourcecode.swift; path = EmptyStateView.swift; sourceTree = "<group>"; };
		431502F428AF5AF400FE1931 /* ProductCard.swift */ = {isa = PBXFileReference; lastKnownFileType = sourcecode.swift; path = ProductCard.swift; sourceTree = "<group>"; };
		431502F628AF7D2400FE1931 /* ProgressView.swift */ = {isa = PBXFileReference; lastKnownFileType = sourcecode.swift; path = ProgressView.swift; sourceTree = "<group>"; };
		4367D57A28B6C61500F16E19 /* GoalView.swift */ = {isa = PBXFileReference; lastKnownFileType = sourcecode.swift; path = GoalView.swift; sourceTree = "<group>"; };
		43764F6328B07B4D00517399 /* MySkinView.swift */ = {isa = PBXFileReference; lastKnownFileType = sourcecode.swift; path = MySkinView.swift; sourceTree = "<group>"; };
		43FC3F0C28B4BADC00501868 /* NewView.swift */ = {isa = PBXFileReference; lastKnownFileType = sourcecode.swift; path = NewView.swift; sourceTree = "<group>"; };
		563DFCC028B20E9D00AD3175 /* TagView.swift */ = {isa = PBXFileReference; lastKnownFileType = sourcecode.swift; path = TagView.swift; sourceTree = "<group>"; };
		564CB9CA28B3961D0027C389 /* DashboardView.swift */ = {isa = PBXFileReference; lastKnownFileType = sourcecode.swift; path = DashboardView.swift; sourceTree = "<group>"; };
		564CB9CC28B3EC3C0027C389 /* Date+Extension.swift */ = {isa = PBXFileReference; lastKnownFileType = sourcecode.swift; path = "Date+Extension.swift"; sourceTree = "<group>"; };
		566235ED28AA9B7900EB6B3A /* Constant.swift */ = {isa = PBXFileReference; lastKnownFileType = sourcecode.swift; path = Constant.swift; sourceTree = "<group>"; };
		566235EF28AA9BD900EB6B3A /* Theme.swift */ = {isa = PBXFileReference; lastKnownFileType = sourcecode.swift; path = Theme.swift; sourceTree = "<group>"; };
		566235F128AB576A00EB6B3A /* RoutineListView.swift */ = {isa = PBXFileReference; lastKnownFileType = sourcecode.swift; path = RoutineListView.swift; sourceTree = "<group>"; };
		566235F328AB57A300EB6B3A /* AddRoutineView.swift */ = {isa = PBXFileReference; lastKnownFileType = sourcecode.swift; path = AddRoutineView.swift; sourceTree = "<group>"; };
		566235F828AB717000EB6B3A /* PrimaryButton.swift */ = {isa = PBXFileReference; lastKnownFileType = sourcecode.swift; path = PrimaryButton.swift; sourceTree = "<group>"; };
		566235FB28AB755C00EB6B3A /* UIScreen+Extension.swift */ = {isa = PBXFileReference; lastKnownFileType = sourcecode.swift; path = "UIScreen+Extension.swift"; sourceTree = "<group>"; };
		5684C7C128AA5C2A00A39497 /* GoGlow.app */ = {isa = PBXFileReference; explicitFileType = wrapper.application; includeInIndex = 0; path = GoGlow.app; sourceTree = BUILT_PRODUCTS_DIR; };
		5684C7C428AA5C2A00A39497 /* mc3_menGlowApp.swift */ = {isa = PBXFileReference; lastKnownFileType = sourcecode.swift; path = mc3_menGlowApp.swift; sourceTree = "<group>"; };
		5684C7C628AA5C2A00A39497 /* ContentView.swift */ = {isa = PBXFileReference; lastKnownFileType = sourcecode.swift; path = ContentView.swift; sourceTree = "<group>"; };
		5684C7C828AA5C2B00A39497 /* Assets.xcassets */ = {isa = PBXFileReference; lastKnownFileType = folder.assetcatalog; path = Assets.xcassets; sourceTree = "<group>"; };
		5684C7CB28AA5C2B00A39497 /* Preview Assets.xcassets */ = {isa = PBXFileReference; lastKnownFileType = folder.assetcatalog; path = "Preview Assets.xcassets"; sourceTree = "<group>"; };
		5684C7CD28AA5C2B00A39497 /* Persistence.swift */ = {isa = PBXFileReference; lastKnownFileType = sourcecode.swift; path = Persistence.swift; sourceTree = "<group>"; };
		5684C7D028AA5C2B00A39497 /* mc3_menGlow.xcdatamodel */ = {isa = PBXFileReference; lastKnownFileType = wrapper.xcdatamodel; path = mc3_menGlow.xcdatamodel; sourceTree = "<group>"; };
		5688538828ADE3A5008080B5 /* RoutineVewModel.swift */ = {isa = PBXFileReference; lastKnownFileType = sourcecode.swift; path = RoutineVewModel.swift; sourceTree = "<group>"; };
		5688538A28ADEA8D008080B5 /* Routine.swift */ = {isa = PBXFileReference; lastKnownFileType = sourcecode.swift; path = Routine.swift; sourceTree = "<group>"; };
		5688538C28ADEB3B008080B5 /* Product.swift */ = {isa = PBXFileReference; lastKnownFileType = sourcecode.swift; path = Product.swift; sourceTree = "<group>"; };
		5688539328AE3385008080B5 /* ProductListView.swift */ = {isa = PBXFileReference; lastKnownFileType = sourcecode.swift; path = ProductListView.swift; sourceTree = "<group>"; };
		56937A4D28B73B740020D366 /* NotificationConfig.swift */ = {isa = PBXFileReference; lastKnownFileType = sourcecode.swift; path = NotificationConfig.swift; sourceTree = "<group>"; };
		56A5EB9C28AE87B500E44759 /* CustomRoutineView.swift */ = {isa = PBXFileReference; lastKnownFileType = sourcecode.swift; path = CustomRoutineView.swift; sourceTree = "<group>"; };
		56B4670028B27F3C00691150 /* OnboardingView.swift */ = {isa = PBXFileReference; lastKnownFileType = sourcecode.swift; path = OnboardingView.swift; sourceTree = "<group>"; };
		56B4670228B341BA00691150 /* RoutineDay.swift */ = {isa = PBXFileReference; lastKnownFileType = sourcecode.swift; path = RoutineDay.swift; sourceTree = "<group>"; };
		56EDB0BF28B391D200E6BBF0 /* MainView.swift */ = {isa = PBXFileReference; lastKnownFileType = sourcecode.swift; path = MainView.swift; sourceTree = "<group>"; };
		56FE6AF228B117E500CCFDB7 /* AddProductButton.swift */ = {isa = PBXFileReference; lastKnownFileType = sourcecode.swift; path = AddProductButton.swift; sourceTree = "<group>"; };
/* End PBXFileReference section */

/* Begin PBXFrameworksBuildPhase section */
		5684C7BE28AA5C2A00A39497 /* Frameworks */ = {
			isa = PBXFrameworksBuildPhase;
			buildActionMask = 2147483647;
			files = (
				4367D57628B6AC1900F16E19 /* Algorithms in Frameworks */,
				4314534628B298CB008F5085 /* UICircularProgressRing in Frameworks */,
				4367D57928B6AC2800F16E19 /* UICircularProgressRing in Frameworks */,
				4314534328B298B5008F5085 /* Algorithms in Frameworks */,
			);
			runOnlyForDeploymentPostprocessing = 0;
		};
/* End PBXFrameworksBuildPhase section */

/* Begin PBXGroup section */
		321FC7D728B4D68900A5794D /* My Skin */ = {
			isa = PBXGroup;
			children = (
				43764F6328B07B4D00517399 /* MySkinView.swift */,
				321FC7DE28B5FEC000A5794D /* SkinConcernView.swift */,
				326EC82828B62C6F00E19D8D /* InsertSkinView.swift */,
			);
			path = "My Skin";
			sourceTree = "<group>";
		};
		566235F528AB57AF00EB6B3A /* Routine */ = {
			isa = PBXGroup;
			children = (
				566235F328AB57A300EB6B3A /* AddRoutineView.swift */,
				566235F128AB576A00EB6B3A /* RoutineListView.swift */,
				5688539328AE3385008080B5 /* ProductListView.swift */,
				56A5EB9C28AE87B500E44759 /* CustomRoutineView.swift */,
			);
			path = Routine;
			sourceTree = "<group>";
		};
		566235FA28AB754200EB6B3A /* Extension */ = {
			isa = PBXGroup;
			children = (
				566235FB28AB755C00EB6B3A /* UIScreen+Extension.swift */,
				564CB9CC28B3EC3C0027C389 /* Date+Extension.swift */,
			);
			path = Extension;
			sourceTree = "<group>";
		};
		5684C7B828AA5C2900A39497 = {
			isa = PBXGroup;
			children = (
				5684C7C328AA5C2A00A39497 /* mc3_menGlow */,
				5684C7C228AA5C2A00A39497 /* Products */,
			);
			sourceTree = "<group>";
		};
		5684C7C228AA5C2A00A39497 /* Products */ = {
			isa = PBXGroup;
			children = (
				5684C7C128AA5C2A00A39497 /* GoGlow.app */,
			);
			name = Products;
			sourceTree = "<group>";
		};
		5684C7C328AA5C2A00A39497 /* mc3_menGlow */ = {
			isa = PBXGroup;
			children = (
				566235FA28AB754200EB6B3A /* Extension */,
				5684C7DB28AA5CDB00A39497 /* Config */,
				5684C7DA28AA5CC700A39497 /* Core */,
				5684C7D928AA5C6800A39497 /* viewModels */,
				5684C7D828AA5C6100A39497 /* models */,
				5684C7D728AA5C5600A39497 /* views */,
				5684C7C428AA5C2A00A39497 /* mc3_menGlowApp.swift */,
				5684C7C628AA5C2A00A39497 /* ContentView.swift */,
				5684C7C828AA5C2B00A39497 /* Assets.xcassets */,
				5684C7CD28AA5C2B00A39497 /* Persistence.swift */,
				5684C7CF28AA5C2B00A39497 /* mc3_menGlow.xcdatamodeld */,
				5684C7CA28AA5C2B00A39497 /* Preview Content */,
				56937A4D28B73B740020D366 /* NotificationConfig.swift */,
			);
			path = mc3_menGlow;
			sourceTree = "<group>";
		};
		5684C7CA28AA5C2B00A39497 /* Preview Content */ = {
			isa = PBXGroup;
			children = (
				5684C7CB28AA5C2B00A39497 /* Preview Assets.xcassets */,
			);
			path = "Preview Content";
			sourceTree = "<group>";
		};
		5684C7D728AA5C5600A39497 /* views */ = {
			isa = PBXGroup;
			children = (
				56EDB0BF28B391D200E6BBF0 /* MainView.swift */,
				5684C7DE28AA5D0400A39497 /* screens */,
				5684C7DD28AA5CFC00A39497 /* onboarding */,
				5684C7DC28AA5CF300A39497 /* components */,
			);
			path = views;
			sourceTree = "<group>";
		};
		5684C7D828AA5C6100A39497 /* models */ = {
			isa = PBXGroup;
			children = (
				4314533D28B297AB008F5085 /* ProgressModel.swift */,
				5688538A28ADEA8D008080B5 /* Routine.swift */,
				5688538C28ADEB3B008080B5 /* Product.swift */,
				56B4670228B341BA00691150 /* RoutineDay.swift */,
				321FC7D528B4C9D900A5794D /* Intro.swift */,
			);
			path = models;
			sourceTree = "<group>";
		};
		5684C7D928AA5C6800A39497 /* viewModels */ = {
			isa = PBXGroup;
			children = (
				5688538828ADE3A5008080B5 /* RoutineVewModel.swift */,
				4314533F28B297F3008F5085 /* ProgressViewModel.swift */,
			);
			path = viewModels;
			sourceTree = "<group>";
		};
		5684C7DA28AA5CC700A39497 /* Core */ = {
			isa = PBXGroup;
			children = (
			);
			path = Core;
			sourceTree = "<group>";
		};
		5684C7DB28AA5CDB00A39497 /* Config */ = {
			isa = PBXGroup;
			children = (
				566235ED28AA9B7900EB6B3A /* Constant.swift */,
				566235EF28AA9BD900EB6B3A /* Theme.swift */,
			);
			path = Config;
			sourceTree = "<group>";
		};
		5684C7DC28AA5CF300A39497 /* components */ = {
			isa = PBXGroup;
			children = (
				566235F828AB717000EB6B3A /* PrimaryButton.swift */,
				431502F428AF5AF400FE1931 /* ProductCard.swift */,
				56FE6AF228B117E500CCFDB7 /* AddProductButton.swift */,
				563DFCC028B20E9D00AD3175 /* TagView.swift */,
			);
			path = components;
			sourceTree = "<group>";
		};
		5684C7DD28AA5CFC00A39497 /* onboarding */ = {
			isa = PBXGroup;
			children = (
				56B4670028B27F3C00691150 /* OnboardingView.swift */,
			);
			path = onboarding;
			sourceTree = "<group>";
		};
		5684C7DE28AA5D0400A39497 /* screens */ = {
			isa = PBXGroup;
			children = (
				564CB9CA28B3961D0027C389 /* DashboardView.swift */,
				431502EE28AF3A8D00FE1931 /* EmptyStateView.swift */,
				431502F628AF7D2400FE1931 /* ProgressView.swift */,
				4367D57A28B6C61500F16E19 /* GoalView.swift */,
				321FC7D728B4D68900A5794D /* My Skin */,
				566235F528AB57AF00EB6B3A /* Routine */,
				43FC3F0C28B4BADC00501868 /* NewView.swift */,
			);
			path = screens;
			sourceTree = "<group>";
		};
/* End PBXGroup section */

/* Begin PBXNativeTarget section */
		5684C7C028AA5C2A00A39497 /* mc3_menGlow */ = {
			isa = PBXNativeTarget;
			buildConfigurationList = 5684C7D428AA5C2B00A39497 /* Build configuration list for PBXNativeTarget "mc3_menGlow" */;
			buildPhases = (
				5684C7BD28AA5C2A00A39497 /* Sources */,
				5684C7BE28AA5C2A00A39497 /* Frameworks */,
				5684C7BF28AA5C2A00A39497 /* Resources */,
			);
			buildRules = (
			);
			dependencies = (
			);
			name = mc3_menGlow;
			packageProductDependencies = (
				4314534228B298B5008F5085 /* Algorithms */,
				4314534528B298CB008F5085 /* UICircularProgressRing */,
				4367D57528B6AC1900F16E19 /* Algorithms */,
				4367D57828B6AC2800F16E19 /* UICircularProgressRing */,
			);
			productName = mc3_menGlow;
			productReference = 5684C7C128AA5C2A00A39497 /* GoGlow.app */;
			productType = "com.apple.product-type.application";
		};
/* End PBXNativeTarget section */

/* Begin PBXProject section */
		5684C7B928AA5C2900A39497 /* Project object */ = {
			isa = PBXProject;
			attributes = {
				BuildIndependentTargetsInParallel = 1;
				LastSwiftUpdateCheck = 1340;
				LastUpgradeCheck = 1340;
				TargetAttributes = {
					5684C7C028AA5C2A00A39497 = {
						CreatedOnToolsVersion = 13.4.1;
					};
				};
			};
			buildConfigurationList = 5684C7BC28AA5C2900A39497 /* Build configuration list for PBXProject "mc3_menGlow" */;
			compatibilityVersion = "Xcode 13.0";
			developmentRegion = en;
			hasScannedForEncodings = 0;
			knownRegions = (
				en,
				Base,
			);
			mainGroup = 5684C7B828AA5C2900A39497;
			packageReferences = (
				4314534128B298B5008F5085 /* XCRemoteSwiftPackageReference "swift-algorithms" */,
				4314534428B298CA008F5085 /* XCRemoteSwiftPackageReference "UICircularProgressRing" */,
				4367D57428B6AC1900F16E19 /* XCRemoteSwiftPackageReference "swift-algorithms" */,
				4367D57728B6AC2800F16E19 /* XCRemoteSwiftPackageReference "UICircularProgressRing" */,
			);
			productRefGroup = 5684C7C228AA5C2A00A39497 /* Products */;
			projectDirPath = "";
			projectRoot = "";
			targets = (
				5684C7C028AA5C2A00A39497 /* mc3_menGlow */,
			);
		};
/* End PBXProject section */

/* Begin PBXResourcesBuildPhase section */
		5684C7BF28AA5C2A00A39497 /* Resources */ = {
			isa = PBXResourcesBuildPhase;
			buildActionMask = 2147483647;
			files = (
				5684C7CC28AA5C2B00A39497 /* Preview Assets.xcassets in Resources */,
				5684C7C928AA5C2B00A39497 /* Assets.xcassets in Resources */,
			);
			runOnlyForDeploymentPostprocessing = 0;
		};
/* End PBXResourcesBuildPhase section */

/* Begin PBXSourcesBuildPhase section */
		5684C7BD28AA5C2A00A39497 /* Sources */ = {
			isa = PBXSourcesBuildPhase;
			buildActionMask = 2147483647;
			files = (
				3280A93B28B28055005D8640 /* (null) in Sources */,
				4367D57B28B6C61500F16E19 /* GoalView.swift in Sources */,
				5684C7CE28AA5C2B00A39497 /* Persistence.swift in Sources */,
				56EDB0C028B391D200E6BBF0 /* MainView.swift in Sources */,
				5688538B28ADEA8D008080B5 /* Routine.swift in Sources */,
				43FC3F0D28B4BADC00501868 /* NewView.swift in Sources */,
				43764F6428B07B4D00517399 /* MySkinView.swift in Sources */,
				56B4670328B341BA00691150 /* RoutineDay.swift in Sources */,
				564CB9CD28B3EC3C0027C389 /* Date+Extension.swift in Sources */,
				5688539428AE3385008080B5 /* ProductListView.swift in Sources */,
				566235F428AB57A300EB6B3A /* AddRoutineView.swift in Sources */,
				566235F928AB717000EB6B3A /* PrimaryButton.swift in Sources */,
				56937A4E28B73B740020D366 /* NotificationConfig.swift in Sources */,
				321FC7D628B4C9D900A5794D /* Intro.swift in Sources */,
				431502F528AF5AF400FE1931 /* ProductCard.swift in Sources */,
				56A5EB9D28AE87B500E44759 /* CustomRoutineView.swift in Sources */,
				563DFCC128B20E9D00AD3175 /* TagView.swift in Sources */,
				4314533E28B297AB008F5085 /* ProgressModel.swift in Sources */,
				566235FC28AB755C00EB6B3A /* UIScreen+Extension.swift in Sources */,
				5684C7C728AA5C2A00A39497 /* ContentView.swift in Sources */,
				321FC7DF28B5FEC000A5794D /* SkinConcernView.swift in Sources */,
				5688538928ADE3A5008080B5 /* RoutineVewModel.swift in Sources */,
				5684C7C528AA5C2A00A39497 /* mc3_menGlowApp.swift in Sources */,
				431502EF28AF3A8D00FE1931 /* EmptyStateView.swift in Sources */,
				56FE6AF328B117E500CCFDB7 /* AddProductButton.swift in Sources */,
				566235F028AA9BD900EB6B3A /* Theme.swift in Sources */,
				5684C7D128AA5C2B00A39497 /* mc3_menGlow.xcdatamodeld in Sources */,
				4314534028B297F3008F5085 /* ProgressViewModel.swift in Sources */,
				566235F228AB576A00EB6B3A /* RoutineListView.swift in Sources */,
				566235EE28AA9B7900EB6B3A /* Constant.swift in Sources */,
				431502F728AF7D2400FE1931 /* ProgressView.swift in Sources */,
				326EC82928B62C6F00E19D8D /* InsertSkinView.swift in Sources */,
				564CB9CB28B3961D0027C389 /* DashboardView.swift in Sources */,
				56B4670128B27F3C00691150 /* OnboardingView.swift in Sources */,
				5688538D28ADEB3B008080B5 /* Product.swift in Sources */,
			);
			runOnlyForDeploymentPostprocessing = 0;
		};
/* End PBXSourcesBuildPhase section */

/* Begin XCBuildConfiguration section */
		5684C7D228AA5C2B00A39497 /* Debug */ = {
			isa = XCBuildConfiguration;
			buildSettings = {
				ALWAYS_SEARCH_USER_PATHS = NO;
				CLANG_ANALYZER_NONNULL = YES;
				CLANG_ANALYZER_NUMBER_OBJECT_CONVERSION = YES_AGGRESSIVE;
				CLANG_CXX_LANGUAGE_STANDARD = "gnu++17";
				CLANG_ENABLE_MODULES = YES;
				CLANG_ENABLE_OBJC_ARC = YES;
				CLANG_ENABLE_OBJC_WEAK = YES;
				CLANG_WARN_BLOCK_CAPTURE_AUTORELEASING = YES;
				CLANG_WARN_BOOL_CONVERSION = YES;
				CLANG_WARN_COMMA = YES;
				CLANG_WARN_CONSTANT_CONVERSION = YES;
				CLANG_WARN_DEPRECATED_OBJC_IMPLEMENTATIONS = YES;
				CLANG_WARN_DIRECT_OBJC_ISA_USAGE = YES_ERROR;
				CLANG_WARN_DOCUMENTATION_COMMENTS = YES;
				CLANG_WARN_EMPTY_BODY = YES;
				CLANG_WARN_ENUM_CONVERSION = YES;
				CLANG_WARN_INFINITE_RECURSION = YES;
				CLANG_WARN_INT_CONVERSION = YES;
				CLANG_WARN_NON_LITERAL_NULL_CONVERSION = YES;
				CLANG_WARN_OBJC_IMPLICIT_RETAIN_SELF = YES;
				CLANG_WARN_OBJC_LITERAL_CONVERSION = YES;
				CLANG_WARN_OBJC_ROOT_CLASS = YES_ERROR;
				CLANG_WARN_QUOTED_INCLUDE_IN_FRAMEWORK_HEADER = YES;
				CLANG_WARN_RANGE_LOOP_ANALYSIS = YES;
				CLANG_WARN_STRICT_PROTOTYPES = YES;
				CLANG_WARN_SUSPICIOUS_MOVE = YES;
				CLANG_WARN_UNGUARDED_AVAILABILITY = YES_AGGRESSIVE;
				CLANG_WARN_UNREACHABLE_CODE = YES;
				CLANG_WARN__DUPLICATE_METHOD_MATCH = YES;
				COPY_PHASE_STRIP = NO;
				DEBUG_INFORMATION_FORMAT = dwarf;
				ENABLE_STRICT_OBJC_MSGSEND = YES;
				ENABLE_TESTABILITY = YES;
				GCC_C_LANGUAGE_STANDARD = gnu11;
				GCC_DYNAMIC_NO_PIC = NO;
				GCC_NO_COMMON_BLOCKS = YES;
				GCC_OPTIMIZATION_LEVEL = 0;
				GCC_PREPROCESSOR_DEFINITIONS = (
					"DEBUG=1",
					"$(inherited)",
				);
				GCC_WARN_64_TO_32_BIT_CONVERSION = YES;
				GCC_WARN_ABOUT_RETURN_TYPE = YES_ERROR;
				GCC_WARN_UNDECLARED_SELECTOR = YES;
				GCC_WARN_UNINITIALIZED_AUTOS = YES_AGGRESSIVE;
				GCC_WARN_UNUSED_FUNCTION = YES;
				GCC_WARN_UNUSED_VARIABLE = YES;
				IPHONEOS_DEPLOYMENT_TARGET = 15.5;
				MTL_ENABLE_DEBUG_INFO = INCLUDE_SOURCE;
				MTL_FAST_MATH = YES;
				ONLY_ACTIVE_ARCH = YES;
				SDKROOT = iphoneos;
				SWIFT_ACTIVE_COMPILATION_CONDITIONS = DEBUG;
				SWIFT_OPTIMIZATION_LEVEL = "-Onone";
			};
			name = Debug;
		};
		5684C7D328AA5C2B00A39497 /* Release */ = {
			isa = XCBuildConfiguration;
			buildSettings = {
				ALWAYS_SEARCH_USER_PATHS = NO;
				CLANG_ANALYZER_NONNULL = YES;
				CLANG_ANALYZER_NUMBER_OBJECT_CONVERSION = YES_AGGRESSIVE;
				CLANG_CXX_LANGUAGE_STANDARD = "gnu++17";
				CLANG_ENABLE_MODULES = YES;
				CLANG_ENABLE_OBJC_ARC = YES;
				CLANG_ENABLE_OBJC_WEAK = YES;
				CLANG_WARN_BLOCK_CAPTURE_AUTORELEASING = YES;
				CLANG_WARN_BOOL_CONVERSION = YES;
				CLANG_WARN_COMMA = YES;
				CLANG_WARN_CONSTANT_CONVERSION = YES;
				CLANG_WARN_DEPRECATED_OBJC_IMPLEMENTATIONS = YES;
				CLANG_WARN_DIRECT_OBJC_ISA_USAGE = YES_ERROR;
				CLANG_WARN_DOCUMENTATION_COMMENTS = YES;
				CLANG_WARN_EMPTY_BODY = YES;
				CLANG_WARN_ENUM_CONVERSION = YES;
				CLANG_WARN_INFINITE_RECURSION = YES;
				CLANG_WARN_INT_CONVERSION = YES;
				CLANG_WARN_NON_LITERAL_NULL_CONVERSION = YES;
				CLANG_WARN_OBJC_IMPLICIT_RETAIN_SELF = YES;
				CLANG_WARN_OBJC_LITERAL_CONVERSION = YES;
				CLANG_WARN_OBJC_ROOT_CLASS = YES_ERROR;
				CLANG_WARN_QUOTED_INCLUDE_IN_FRAMEWORK_HEADER = YES;
				CLANG_WARN_RANGE_LOOP_ANALYSIS = YES;
				CLANG_WARN_STRICT_PROTOTYPES = YES;
				CLANG_WARN_SUSPICIOUS_MOVE = YES;
				CLANG_WARN_UNGUARDED_AVAILABILITY = YES_AGGRESSIVE;
				CLANG_WARN_UNREACHABLE_CODE = YES;
				CLANG_WARN__DUPLICATE_METHOD_MATCH = YES;
				COPY_PHASE_STRIP = NO;
				DEBUG_INFORMATION_FORMAT = "dwarf-with-dsym";
				ENABLE_NS_ASSERTIONS = NO;
				ENABLE_STRICT_OBJC_MSGSEND = YES;
				GCC_C_LANGUAGE_STANDARD = gnu11;
				GCC_NO_COMMON_BLOCKS = YES;
				GCC_WARN_64_TO_32_BIT_CONVERSION = YES;
				GCC_WARN_ABOUT_RETURN_TYPE = YES_ERROR;
				GCC_WARN_UNDECLARED_SELECTOR = YES;
				GCC_WARN_UNINITIALIZED_AUTOS = YES_AGGRESSIVE;
				GCC_WARN_UNUSED_FUNCTION = YES;
				GCC_WARN_UNUSED_VARIABLE = YES;
				IPHONEOS_DEPLOYMENT_TARGET = 15.5;
				MTL_ENABLE_DEBUG_INFO = NO;
				MTL_FAST_MATH = YES;
				SDKROOT = iphoneos;
				SWIFT_COMPILATION_MODE = wholemodule;
				SWIFT_OPTIMIZATION_LEVEL = "-O";
				VALIDATE_PRODUCT = YES;
			};
			name = Release;
		};
		5684C7D528AA5C2B00A39497 /* Debug */ = {
			isa = XCBuildConfiguration;
			buildSettings = {
				ASSETCATALOG_COMPILER_APPICON_NAME = AppIcon;
				ASSETCATALOG_COMPILER_GLOBAL_ACCENT_COLOR_NAME = AccentColor;
				CODE_SIGN_STYLE = Automatic;
				CURRENT_PROJECT_VERSION = 3;
				DEVELOPMENT_ASSET_PATHS = "\"mc3_menGlow/Preview Content\"";
				DEVELOPMENT_TEAM = KFD27J2TGQ;
				ENABLE_PREVIEWS = YES;
				GENERATE_INFOPLIST_FILE = YES;
				INFOPLIST_KEY_UIApplicationSceneManifest_Generation = YES;
				INFOPLIST_KEY_UIApplicationSupportsIndirectInputEvents = YES;
				INFOPLIST_KEY_UILaunchScreen_Generation = YES;
				INFOPLIST_KEY_UISupportedInterfaceOrientations_iPad = "UIInterfaceOrientationPortrait UIInterfaceOrientationPortraitUpsideDown UIInterfaceOrientationLandscapeLeft UIInterfaceOrientationLandscapeRight";
				INFOPLIST_KEY_UISupportedInterfaceOrientations_iPhone = "UIInterfaceOrientationPortrait UIInterfaceOrientationLandscapeLeft UIInterfaceOrientationLandscapeRight";
				INFOPLIST_KEY_UIUserInterfaceStyle = Light;
				LD_RUNPATH_SEARCH_PATHS = (
					"$(inherited)",
					"@executable_path/Frameworks",
				);
				MARKETING_VERSION = 1.0;
				PRODUCT_BUNDLE_IDENTIFIER = "com.rsilitonga.mc3-menGlow";
				PRODUCT_NAME = GoGlow;
				SWIFT_EMIT_LOC_STRINGS = YES;
				SWIFT_VERSION = 5.0;
				TARGETED_DEVICE_FAMILY = 1;
			};
			name = Debug;
		};
		5684C7D628AA5C2B00A39497 /* Release */ = {
			isa = XCBuildConfiguration;
			buildSettings = {
				ASSETCATALOG_COMPILER_APPICON_NAME = AppIcon;
				ASSETCATALOG_COMPILER_GLOBAL_ACCENT_COLOR_NAME = AccentColor;
				CODE_SIGN_STYLE = Automatic;
				CURRENT_PROJECT_VERSION = 3;
				DEVELOPMENT_ASSET_PATHS = "\"mc3_menGlow/Preview Content\"";
				DEVELOPMENT_TEAM = KFD27J2TGQ;
				ENABLE_PREVIEWS = YES;
				GENERATE_INFOPLIST_FILE = YES;
				INFOPLIST_KEY_UIApplicationSceneManifest_Generation = YES;
				INFOPLIST_KEY_UIApplicationSupportsIndirectInputEvents = YES;
				INFOPLIST_KEY_UILaunchScreen_Generation = YES;
				INFOPLIST_KEY_UISupportedInterfaceOrientations_iPad = "UIInterfaceOrientationPortrait UIInterfaceOrientationPortraitUpsideDown UIInterfaceOrientationLandscapeLeft UIInterfaceOrientationLandscapeRight";
				INFOPLIST_KEY_UISupportedInterfaceOrientations_iPhone = "UIInterfaceOrientationPortrait UIInterfaceOrientationLandscapeLeft UIInterfaceOrientationLandscapeRight";
				INFOPLIST_KEY_UIUserInterfaceStyle = Light;
				LD_RUNPATH_SEARCH_PATHS = (
					"$(inherited)",
					"@executable_path/Frameworks",
				);
				MARKETING_VERSION = 1.0;
				PRODUCT_BUNDLE_IDENTIFIER = "com.rsilitonga.mc3-menGlow";
				PRODUCT_NAME = GoGlow;
				SWIFT_EMIT_LOC_STRINGS = YES;
				SWIFT_VERSION = 5.0;
				TARGETED_DEVICE_FAMILY = 1;
			};
			name = Release;
		};
/* End XCBuildConfiguration section */

/* Begin XCConfigurationList section */
		5684C7BC28AA5C2900A39497 /* Build configuration list for PBXProject "mc3_menGlow" */ = {
			isa = XCConfigurationList;
			buildConfigurations = (
				5684C7D228AA5C2B00A39497 /* Debug */,
				5684C7D328AA5C2B00A39497 /* Release */,
			);
			defaultConfigurationIsVisible = 0;
			defaultConfigurationName = Release;
		};
		5684C7D428AA5C2B00A39497 /* Build configuration list for PBXNativeTarget "mc3_menGlow" */ = {
			isa = XCConfigurationList;
			buildConfigurations = (
				5684C7D528AA5C2B00A39497 /* Debug */,
				5684C7D628AA5C2B00A39497 /* Release */,
			);
			defaultConfigurationIsVisible = 0;
			defaultConfigurationName = Release;
		};
/* End XCConfigurationList section */

/* Begin XCRemoteSwiftPackageReference section */
		4314534128B298B5008F5085 /* XCRemoteSwiftPackageReference "swift-algorithms" */ = {
			isa = XCRemoteSwiftPackageReference;
			repositoryURL = "https://github.com/apple/swift-algorithms.git";
			requirement = {
				kind = upToNextMajorVersion;
				minimumVersion = 1.0.0;
			};
		};
		4314534428B298CA008F5085 /* XCRemoteSwiftPackageReference "UICircularProgressRing" */ = {
			isa = XCRemoteSwiftPackageReference;
			repositoryURL = "https://github.com/luispadron/UICircularProgressRing";
			requirement = {
				branch = master;
				kind = branch;
			};
		};
		4367D57428B6AC1900F16E19 /* XCRemoteSwiftPackageReference "swift-algorithms" */ = {
			isa = XCRemoteSwiftPackageReference;
			repositoryURL = "https://github.com/apple/swift-algorithms.git";
			requirement = {
				kind = upToNextMajorVersion;
				minimumVersion = 1.0.0;
			};
		};
		4367D57728B6AC2800F16E19 /* XCRemoteSwiftPackageReference "UICircularProgressRing" */ = {
			isa = XCRemoteSwiftPackageReference;
			repositoryURL = "https://github.com/luispadron/UICircularProgressRing";
			requirement = {
				branch = master;
				kind = branch;
			};
		};
/* End XCRemoteSwiftPackageReference section */

/* Begin XCSwiftPackageProductDependency section */
		4314534228B298B5008F5085 /* Algorithms */ = {
			isa = XCSwiftPackageProductDependency;
			package = 4314534128B298B5008F5085 /* XCRemoteSwiftPackageReference "swift-algorithms" */;
			productName = Algorithms;
		};
		4314534528B298CB008F5085 /* UICircularProgressRing */ = {
			isa = XCSwiftPackageProductDependency;
			package = 4314534428B298CA008F5085 /* XCRemoteSwiftPackageReference "UICircularProgressRing" */;
			productName = UICircularProgressRing;
		};
		4367D57528B6AC1900F16E19 /* Algorithms */ = {
			isa = XCSwiftPackageProductDependency;
			package = 4314534128B298B5008F5085 /* XCRemoteSwiftPackageReference "swift-algorithms" */;
			productName = Algorithms;
		};
		4367D57828B6AC2800F16E19 /* UICircularProgressRing */ = {
			isa = XCSwiftPackageProductDependency;
			package = 4314534428B298CA008F5085 /* XCRemoteSwiftPackageReference "UICircularProgressRing" */;
			productName = UICircularProgressRing;
		};
/* End XCSwiftPackageProductDependency section */

/* Begin XCVersionGroup section */
		5684C7CF28AA5C2B00A39497 /* mc3_menGlow.xcdatamodeld */ = {
			isa = XCVersionGroup;
			children = (
				5684C7D028AA5C2B00A39497 /* mc3_menGlow.xcdatamodel */,
			);
			currentVersion = 5684C7D028AA5C2B00A39497 /* mc3_menGlow.xcdatamodel */;
			path = mc3_menGlow.xcdatamodeld;
			sourceTree = "<group>";
			versionGroupType = wrapper.xcdatamodel;
		};
/* End XCVersionGroup section */
	};
	rootObject = 5684C7B928AA5C2900A39497 /* Project object */;
}
